
Microsoft Visual Studio Solution File, Format Version 12.00
# Visual Studio Version 17
VisualStudioVersion = 17.1.32407.343
MinimumVisualStudioVersion = 10.0.40219.1
Project("{FAE04EC0-301F-11D3-BF4B-00C04F79EFBC}") = "Question 22 April", "Question 22 April\Question 22 April.csproj", "{8E143BC5-E93F-4B9A-ADA5-BB35FC604F3D}"
EndProject
Global
	GlobalSection(SolutionConfigurationPlatforms) = preSolution
		Debug|Any CPU = Debug|Any CPU
		Release|Any CPU = Release|Any CPU
	EndGlobalSection
	GlobalSection(ProjectConfigurationPlatforms) = postSolution
		{8E143BC5-E93F-4B9A-ADA5-BB35FC604F3D}.Debug|Any CPU.ActiveCfg = Debug|Any CPU
		{8E143BC5-E93F-4B9A-ADA5-BB35FC604F3D}.Debug|Any CPU.Build.0 = Debug|Any CPU
		{8E143BC5-E93F-4B9A-ADA5-BB35FC604F3D}.Release|Any CPU.ActiveCfg = Release|Any CPU
		{8E143BC5-E93F-4B9A-ADA5-BB35FC604F3D}.Release|Any CPU.Build.0 = Release|Any CPU
	EndGlobalSection
	GlobalSection(SolutionProperties) = preSolution
		HideSolutionNode = FALSE
	EndGlobalSection
	GlobalSection(ExtensibilityGlobals) = postSolution
		SolutionGuid = {8AC91F29-9420-45A5-B6F4-37881CB0D3D1}
	EndGlobalSection
EndGlobal
